<Solution Description="Visual Studio slnx file generated by Premake" Version="1.4">
  <Configurations>
    <BuildType Name="Debug" />
    <BuildType Name="Profiling" />
    <BuildType Name="Release" />
    <BuildType Name="Tests" />
    <Platform Name="x64" />
  </Configurations>
  <Project Path="Aurora\Aurora.vcxproj" Id="0FF303A8-FB94-2E7E-E44F-42D2D090B5CE">
  </Project>
  <Project Path="Nebula\Nebula.vcxproj" Id="DCCD2CC5-C86F-579B-B12A-6BEF9D6BDEEB">
  </Project>
  <Project Path="Sandbox\Sandbox.vcxproj" Id="F4C124E3-60A1-A37E-69B9-2E55D5170AE0" DefaultStartup="true">
  </Project>
  <Project Path="StarFire\StarFire.vcxproj" Id="2555EAE0-1122-45EC-3A3B-339426677A7A">
  </Project>
  <Project Path="Substrate\Substrate.vcxproj" Id="A2440B3D-0EAF-BFB3-57ED-7059C3969D08">
  </Project>
  <Folder Name="/Dependencies/">
    <Project Path="Dependencies\GLFW\GLFW.vcxproj" Id="154B857C-0182-860D-AA6E-6C109684020F">
    </Project>
    <Project Path="Dependencies\ImGui\ImGui.vcxproj" Id="C0FF640D-2C14-8DBE-F595-301E616989EF">
    </Project>
  </Folder>
</Solution>